
Microsoft Visual Studio Solution File, Format Version 12.00
# Visual Studio Version 16
VisualStudioVersion = 16.0.31129.286
MinimumVisualStudioVersion = 10.0.40219.1
Project("{FAE04EC0-301F-11D3-BF4B-00C04F79EFBC}") = "IS Project", "Login\IS Project.csproj", "{AD766221-2BC9-405C-B776-3EF9199024E9}"
EndProject
Global
	GlobalSection(SolutionConfigurationPlatforms) = preSolution
		Debug|Any CPU = Debug|Any CPU
		Release|Any CPU = Release|Any CPU
	EndGlobalSection
	GlobalSection(ProjectConfigurationPlatforms) = postSolution
		{AD766221-2BC9-405C-B776-3EF9199024E9}.Debug|Any CPU.ActiveCfg = Debug|Any CPU
		{AD766221-2BC9-405C-B776-3EF9199024E9}.Debug|Any CPU.Build.0 = Debug|Any CPU
		{AD766221-2BC9-405C-B776-3EF9199024E9}.Release|Any CPU.ActiveCfg = Release|Any CPU
		{AD766221-2BC9-405C-B776-3EF9199024E9}.Release|Any CPU.Build.0 = Release|Any CPU
	EndGlobalSection
	GlobalSection(SolutionProperties) = preSolution
		HideSolutionNode = FALSE
	EndGlobalSection
	GlobalSection(ExtensibilityGlobals) = postSolution
		SolutionGuid = {112474A6-04F9-43B4-9C0C-920DC144FA80}
	EndGlobalSection
EndGlobal
